// !$*UTF8*$!
{
	archiveVersion = 1;
	classes = {
	};
	objectVersion = 50;
	objects = {

/* Begin PBXBuildFile section */
		12B3DBA1245C6E8E003A6E7C /* AppDelegate.swift in Sources */ = {isa = PBXBuildFile; fileRef = 12B3DBA0245C6E8E003A6E7C /* AppDelegate.swift */; };
		12B3DBA3245C6E8E003A6E7C /* SceneDelegate.swift in Sources */ = {isa = PBXBuildFile; fileRef = 12B3DBA2245C6E8E003A6E7C /* SceneDelegate.swift */; };
		12B3DBAA245C6E8E003A6E7C /* Assets.xcassets in Resources */ = {isa = PBXBuildFile; fileRef = 12B3DBA9245C6E8E003A6E7C /* Assets.xcassets */; };
		12B3DBAD245C6E8E003A6E7C /* LaunchScreen.storyboard in Resources */ = {isa = PBXBuildFile; fileRef = 12B3DBAB245C6E8E003A6E7C /* LaunchScreen.storyboard */; };
		12B3DBBA245CD278003A6E7C /* CurrencyJSONTVC.swift in Sources */ = {isa = PBXBuildFile; fileRef = 12B3DBB9245CD278003A6E7C /* CurrencyJSONTVC.swift */; };
		12B3DBBC245CD348003A6E7C /* CombineJsonTVC.swift in Sources */ = {isa = PBXBuildFile; fileRef = 12B3DBBB245CD348003A6E7C /* CombineJsonTVC.swift */; };
		12B3DBC1245D26BF003A6E7C /* JSONDecoder.swift in Sources */ = {isa = PBXBuildFile; fileRef = 12B3DBC0245D26BF003A6E7C /* JSONDecoder.swift */; };
		12B3DBC4245D2750003A6E7C /* CurrencyRates.swift in Sources */ = {isa = PBXBuildFile; fileRef = 12B3DBC3245D2750003A6E7C /* CurrencyRates.swift */; };
		12B3DBC8245DC95D003A6E7C /* CurrencyInfoTVHeader.swift in Sources */ = {isa = PBXBuildFile; fileRef = 12B3DBC7245DC95D003A6E7C /* CurrencyInfoTVHeader.swift */; };
/* End PBXBuildFile section */

/* Begin PBXFileReference section */
		12B3DB9D245C6E8E003A6E7C /* NetworkingExamples.app */ = {isa = PBXFileReference; explicitFileType = wrapper.application; includeInIndex = 0; path = NetworkingExamples.app; sourceTree = BUILT_PRODUCTS_DIR; };
		12B3DBA0245C6E8E003A6E7C /* AppDelegate.swift */ = {isa = PBXFileReference; lastKnownFileType = sourcecode.swift; path = AppDelegate.swift; sourceTree = "<group>"; };
		12B3DBA2245C6E8E003A6E7C /* SceneDelegate.swift */ = {isa = PBXFileReference; lastKnownFileType = sourcecode.swift; path = SceneDelegate.swift; sourceTree = "<group>"; };
		12B3DBA9245C6E8E003A6E7C /* Assets.xcassets */ = {isa = PBXFileReference; lastKnownFileType = folder.assetcatalog; path = Assets.xcassets; sourceTree = "<group>"; };
		12B3DBAC245C6E8E003A6E7C /* Base */ = {isa = PBXFileReference; lastKnownFileType = file.storyboard; name = Base; path = Base.lproj/LaunchScreen.storyboard; sourceTree = "<group>"; };
		12B3DBAE245C6E8E003A6E7C /* Info.plist */ = {isa = PBXFileReference; lastKnownFileType = text.plist.xml; path = Info.plist; sourceTree = "<group>"; };
		12B3DBB5245C6EB1003A6E7C /* JSON.playground */ = {isa = PBXFileReference; lastKnownFileType = file.playground; name = JSON.playground; path = "../../../../../../Library/Autosave Information/JSON.playground"; sourceTree = "<group>"; xcLanguageSpecificationIdentifier = xcode.lang.swift; };
		12B3DBB6245C6EE5003A6E7C /* URLSession.playground */ = {isa = PBXFileReference; lastKnownFileType = file.playground; name = URLSession.playground; path = "../../../../../../Library/Autosave Information/URLSession.playground"; sourceTree = "<group>"; xcLanguageSpecificationIdentifier = xcode.lang.swift; };
		12B3DBB7245C6F20003A6E7C /* Combine+URLSession.playground */ = {isa = PBXFileReference; lastKnownFileType = file.playground; name = "Combine+URLSession.playground"; path = "../../../../../../Library/Autosave Information/Combine+URLSession.playground"; sourceTree = "<group>"; xcLanguageSpecificationIdentifier = xcode.lang.swift; };
		12B3DBB9245CD278003A6E7C /* CurrencyJSONTVC.swift */ = {isa = PBXFileReference; lastKnownFileType = sourcecode.swift; path = CurrencyJSONTVC.swift; sourceTree = "<group>"; };
		12B3DBBB245CD348003A6E7C /* CombineJsonTVC.swift */ = {isa = PBXFileReference; lastKnownFileType = sourcecode.swift; path = CombineJsonTVC.swift; sourceTree = "<group>"; };
		12B3DBC0245D26BF003A6E7C /* JSONDecoder.swift */ = {isa = PBXFileReference; lastKnownFileType = sourcecode.swift; path = JSONDecoder.swift; sourceTree = "<group>"; };
		12B3DBC3245D2750003A6E7C /* CurrencyRates.swift */ = {isa = PBXFileReference; lastKnownFileType = sourcecode.swift; path = CurrencyRates.swift; sourceTree = "<group>"; };
		12B3DBC7245DC95D003A6E7C /* CurrencyInfoTVHeader.swift */ = {isa = PBXFileReference; lastKnownFileType = sourcecode.swift; path = CurrencyInfoTVHeader.swift; sourceTree = "<group>"; };
/* End PBXFileReference section */

/* Begin PBXFrameworksBuildPhase section */
		12B3DB9A245C6E8E003A6E7C /* Frameworks */ = {
			isa = PBXFrameworksBuildPhase;
			buildActionMask = 2147483647;
			files = (
			);
			runOnlyForDeploymentPostprocessing = 0;
		};
/* End PBXFrameworksBuildPhase section */

/* Begin PBXGroup section */
		12B3DB94245C6E8E003A6E7C = {
			isa = PBXGroup;
			children = (
				12B3DB9F245C6E8E003A6E7C /* NetworkingExamples */,
				12B3DB9E245C6E8E003A6E7C /* Products */,
			);
			sourceTree = "<group>";
		};
		12B3DB9E245C6E8E003A6E7C /* Products */ = {
			isa = PBXGroup;
			children = (
				12B3DB9D245C6E8E003A6E7C /* NetworkingExamples.app */,
			);
			name = Products;
			sourceTree = "<group>";
		};
		12B3DB9F245C6E8E003A6E7C /* NetworkingExamples */ = {
			isa = PBXGroup;
			children = (
				12B3DBC5245DC936003A6E7C /* Views */,
				12B3DBC2245D2745003A6E7C /* Model */,
				12B3DBBD245D2663003A6E7C /* Networking */,
				12B3DBB8245CD225003A6E7C /* Controllers */,
				12B3DBB4245C6E99003A6E7C /* Playgrounds */,
				12B3DBA0245C6E8E003A6E7C /* AppDelegate.swift */,
				12B3DBA2245C6E8E003A6E7C /* SceneDelegate.swift */,
				12B3DBA9245C6E8E003A6E7C /* Assets.xcassets */,
				12B3DBAB245C6E8E003A6E7C /* LaunchScreen.storyboard */,
				12B3DBAE245C6E8E003A6E7C /* Info.plist */,
			);
			path = NetworkingExamples;
			sourceTree = "<group>";
		};
		12B3DBB4245C6E99003A6E7C /* Playgrounds */ = {
			isa = PBXGroup;
			children = (
				12B3DBB7245C6F20003A6E7C /* Combine+URLSession.playground */,
				12B3DBB6245C6EE5003A6E7C /* URLSession.playground */,
				12B3DBB5245C6EB1003A6E7C /* JSON.playground */,
			);
			path = Playgrounds;
			sourceTree = "<group>";
		};
		12B3DBB8245CD225003A6E7C /* Controllers */ = {
			isa = PBXGroup;
			children = (
				12B3DBB9245CD278003A6E7C /* CurrencyJSONTVC.swift */,
				12B3DBBB245CD348003A6E7C /* CombineJsonTVC.swift */,
			);
			path = Controllers;
			sourceTree = "<group>";
		};
		12B3DBBD245D2663003A6E7C /* Networking */ = {
			isa = PBXGroup;
			children = (
				12B3DBC0245D26BF003A6E7C /* JSONDecoder.swift */,
			);
			path = Networking;
			sourceTree = "<group>";
		};
		12B3DBC2245D2745003A6E7C /* Model */ = {
			isa = PBXGroup;
			children = (
				12B3DBC3245D2750003A6E7C /* CurrencyRates.swift */,
			);
			path = Model;
			sourceTree = "<group>";
		};
		12B3DBC5245DC936003A6E7C /* Views */ = {
			isa = PBXGroup;
			children = (
				12B3DBC6245DC93C003A6E7C /* TableView Headers */,
			);
			path = Views;
			sourceTree = "<group>";
		};
		12B3DBC6245DC93C003A6E7C /* TableView Headers */ = {
			isa = PBXGroup;
			children = (
				12B3DBC7245DC95D003A6E7C /* CurrencyInfoTVHeader.swift */,
			);
			path = "TableView Headers";
			sourceTree = "<group>";
		};
/* End PBXGroup section */

/* Begin PBXNativeTarget section */
		12B3DB9C245C6E8E003A6E7C /* NetworkingExamples */ = {
			isa = PBXNativeTarget;
			buildConfigurationList = 12B3DBB1245C6E8E003A6E7C /* Build configuration list for PBXNativeTarget "NetworkingExamples" */;
			buildPhases = (
				12B3DB99245C6E8E003A6E7C /* Sources */,
				12B3DB9A245C6E8E003A6E7C /* Frameworks */,
				12B3DB9B245C6E8E003A6E7C /* Resources */,
			);
			buildRules = (
			);
			dependencies = (
			);
			name = NetworkingExamples;
			productName = NetworkingExamples;
			productReference = 12B3DB9D245C6E8E003A6E7C /* NetworkingExamples.app */;
			productType = "com.apple.product-type.application";
		};
/* End PBXNativeTarget section */

/* Begin PBXProject section */
		12B3DB95245C6E8E003A6E7C /* Project object */ = {
			isa = PBXProject;
			attributes = {
				LastSwiftUpdateCheck = 1140;
				LastUpgradeCheck = 1140;
				ORGANIZATIONNAME = "Josh R";
				TargetAttributes = {
					12B3DB9C245C6E8E003A6E7C = {
						CreatedOnToolsVersion = 11.4.1;
					};
				};
			};
			buildConfigurationList = 12B3DB98245C6E8E003A6E7C /* Build configuration list for PBXProject "NetworkingExamples" */;
			compatibilityVersion = "Xcode 9.3";
			developmentRegion = en;
			hasScannedForEncodings = 0;
			knownRegions = (
				en,
				Base,
			);
			mainGroup = 12B3DB94245C6E8E003A6E7C;
			productRefGroup = 12B3DB9E245C6E8E003A6E7C /* Products */;
			projectDirPath = "";
			projectRoot = "";
			targets = (
				12B3DB9C245C6E8E003A6E7C /* NetworkingExamples */,
			);
		};
/* End PBXProject section */

/* Begin PBXResourcesBuildPhase section */
		12B3DB9B245C6E8E003A6E7C /* Resources */ = {
			isa = PBXResourcesBuildPhase;
			buildActionMask = 2147483647;
			files = (
				12B3DBAD245C6E8E003A6E7C /* LaunchScreen.storyboard in Resources */,
				12B3DBAA245C6E8E003A6E7C /* Assets.xcassets in Resources */,
			);
			runOnlyForDeploymentPostprocessing = 0;
		};
/* End PBXResourcesBuildPhase section */

/* Begin PBXSourcesBuildPhase section */
		12B3DB99245C6E8E003A6E7C /* Sources */ = {
			isa = PBXSourcesBuildPhase;
			buildActionMask = 2147483647;
			files = (
				12B3DBC1245D26BF003A6E7C /* JSONDecoder.swift in Sources */,
				12B3DBC8245DC95D003A6E7C /* CurrencyInfoTVHeader.swift in Sources */,
				12B3DBA1245C6E8E003A6E7C /* AppDelegate.swift in Sources */,
				12B3DBC4245D2750003A6E7C /* CurrencyRates.swift in Sources */,
				12B3DBA3245C6E8E003A6E7C /* SceneDelegate.swift in Sources */,
				12B3DBBA245CD278003A6E7C /* CurrencyJSONTVC.swift in Sources */,
				12B3DBBC245CD348003A6E7C /* CombineJsonTVC.swift in Sources */,
			);
			runOnlyForDeploymentPostprocessing = 0;
		};
/* End PBXSourcesBuildPhase section */

/* Begin PBXVariantGroup section */
		12B3DBAB245C6E8E003A6E7C /* LaunchScreen.storyboard */ = {
			isa = PBXVariantGroup;
			children = (
				12B3DBAC245C6E8E003A6E7C /* Base */,
			);
			name = LaunchScreen.storyboard;
			sourceTree = "<group>";
		};
/* End PBXVariantGroup section */

/* Begin XCBuildConfiguration section */
		12B3DBAF245C6E8E003A6E7C /* Debug */ = {
			isa = XCBuildConfiguration;
			buildSettings = {
				ALWAYS_SEARCH_USER_PATHS = NO;
				CLANG_ANALYZER_NONNULL = YES;
				CLANG_ANALYZER_NUMBER_OBJECT_CONVERSION = YES_AGGRESSIVE;
				CLANG_CXX_LANGUAGE_STANDARD = "gnu++14";
				CLANG_CXX_LIBRARY = "libc++";
				CLANG_ENABLE_MODULES = YES;
				CLANG_ENABLE_OBJC_ARC = YES;
				CLANG_ENABLE_OBJC_WEAK = YES;
				CLANG_WARN_BLOCK_CAPTURE_AUTORELEASING = YES;
				CLANG_WARN_BOOL_CONVERSION = YES;
				CLANG_WARN_COMMA = YES;
				CLANG_WARN_CONSTANT_CONVERSION = YES;
				CLANG_WARN_DEPRECATED_OBJC_IMPLEMENTATIONS = YES;
				CLANG_WARN_DIRECT_OBJC_ISA_USAGE = YES_ERROR;
				CLANG_WARN_DOCUMENTATION_COMMENTS = YES;
				CLANG_WARN_EMPTY_BODY = YES;
				CLANG_WARN_ENUM_CONVERSION = YES;
				CLANG_WARN_INFINITE_RECURSION = YES;
				CLANG_WARN_INT_CONVERSION = YES;
				CLANG_WARN_NON_LITERAL_NULL_CONVERSION = YES;
				CLANG_WARN_OBJC_IMPLICIT_RETAIN_SELF = YES;
				CLANG_WARN_OBJC_LITERAL_CONVERSION = YES;
				CLANG_WARN_OBJC_ROOT_CLASS = YES_ERROR;
				CLANG_WARN_RANGE_LOOP_ANALYSIS = YES;
				CLANG_WARN_STRICT_PROTOTYPES = YES;
				CLANG_WARN_SUSPICIOUS_MOVE = YES;
				CLANG_WARN_UNGUARDED_AVAILABILITY = YES_AGGRESSIVE;
				CLANG_WARN_UNREACHABLE_CODE = YES;
				CLANG_WARN__DUPLICATE_METHOD_MATCH = YES;
				COPY_PHASE_STRIP = NO;
				DEBUG_INFORMATION_FORMAT = dwarf;
				ENABLE_STRICT_OBJC_MSGSEND = YES;
				ENABLE_TESTABILITY = YES;
				GCC_C_LANGUAGE_STANDARD = gnu11;
				GCC_DYNAMIC_NO_PIC = NO;
				GCC_NO_COMMON_BLOCKS = YES;
				GCC_OPTIMIZATION_LEVEL = 0;
				GCC_PREPROCESSOR_DEFINITIONS = (
					"DEBUG=1",
					"$(inherited)",
				);
				GCC_WARN_64_TO_32_BIT_CONVERSION = YES;
				GCC_WARN_ABOUT_RETURN_TYPE = YES_ERROR;
				GCC_WARN_UNDECLARED_SELECTOR = YES;
				GCC_WARN_UNINITIALIZED_AUTOS = YES_AGGRESSIVE;
				GCC_WARN_UNUSED_FUNCTION = YES;
				GCC_WARN_UNUSED_VARIABLE = YES;
				IPHONEOS_DEPLOYMENT_TARGET = 13.4;
				MTL_ENABLE_DEBUG_INFO = INCLUDE_SOURCE;
				MTL_FAST_MATH = YES;
				ONLY_ACTIVE_ARCH = YES;
				SDKROOT = iphoneos;
				SWIFT_ACTIVE_COMPILATION_CONDITIONS = DEBUG;
				SWIFT_OPTIMIZATION_LEVEL = "-Onone";
			};
			name = Debug;
		};
		12B3DBB0245C6E8E003A6E7C /* Release */ = {
			isa = XCBuildConfiguration;
			buildSettings = {
				ALWAYS_SEARCH_USER_PATHS = NO;
				CLANG_ANALYZER_NONNULL = YES;
				CLANG_ANALYZER_NUMBER_OBJECT_CONVERSION = YES_AGGRESSIVE;
				CLANG_CXX_LANGUAGE_STANDARD = "gnu++14";
				CLANG_CXX_LIBRARY = "libc++";
				CLANG_ENABLE_MODULES = YES;
				CLANG_ENABLE_OBJC_ARC = YES;
				CLANG_ENABLE_OBJC_WEAK = YES;
				CLANG_WARN_BLOCK_CAPTURE_AUTORELEASING = YES;
				CLANG_WARN_BOOL_CONVERSION = YES;
				CLANG_WARN_COMMA = YES;
				CLANG_WARN_CONSTANT_CONVERSION = YES;
				CLANG_WARN_DEPRECATED_OBJC_IMPLEMENTATIONS = YES;
				CLANG_WARN_DIRECT_OBJC_ISA_USAGE = YES_ERROR;
				CLANG_WARN_DOCUMENTATION_COMMENTS = YES;
				CLANG_WARN_EMPTY_BODY = YES;
				CLANG_WARN_ENUM_CONVERSION = YES;
				CLANG_WARN_INFINITE_RECURSION = YES;
				CLANG_WARN_INT_CONVERSION = YES;
				CLANG_WARN_NON_LITERAL_NULL_CONVERSION = YES;
				CLANG_WARN_OBJC_IMPLICIT_RETAIN_SELF = YES;
				CLANG_WARN_OBJC_LITERAL_CONVERSION = YES;
				CLANG_WARN_OBJC_ROOT_CLASS = YES_ERROR;
				CLANG_WARN_RANGE_LOOP_ANALYSIS = YES;
				CLANG_WARN_STRICT_PROTOTYPES = YES;
				CLANG_WARN_SUSPICIOUS_MOVE = YES;
				CLANG_WARN_UNGUARDED_AVAILABILITY = YES_AGGRESSIVE;
				CLANG_WARN_UNREACHABLE_CODE = YES;
				CLANG_WARN__DUPLICATE_METHOD_MATCH = YES;
				COPY_PHASE_STRIP = NO;
				DEBUG_INFORMATION_FORMAT = "dwarf-with-dsym";
				ENABLE_NS_ASSERTIONS = NO;
				ENABLE_STRICT_OBJC_MSGSEND = YES;
				GCC_C_LANGUAGE_STANDARD = gnu11;
				GCC_NO_COMMON_BLOCKS = YES;
				GCC_WARN_64_TO_32_BIT_CONVERSION = YES;
				GCC_WARN_ABOUT_RETURN_TYPE = YES_ERROR;
				GCC_WARN_UNDECLARED_SELECTOR = YES;
				GCC_WARN_UNINITIALIZED_AUTOS = YES_AGGRESSIVE;
				GCC_WARN_UNUSED_FUNCTION = YES;
				GCC_WARN_UNUSED_VARIABLE = YES;
				IPHONEOS_DEPLOYMENT_TARGET = 13.4;
				MTL_ENABLE_DEBUG_INFO = NO;
				MTL_FAST_MATH = YES;
				SDKROOT = iphoneos;
				SWIFT_COMPILATION_MODE = wholemodule;
				SWIFT_OPTIMIZATION_LEVEL = "-O";
				VALIDATE_PRODUCT = YES;
			};
			name = Release;
		};
		12B3DBB2245C6E8E003A6E7C /* Debug */ = {
			isa = XCBuildConfiguration;
			buildSettings = {
				ASSETCATALOG_COMPILER_APPICON_NAME = AppIcon;
				CODE_SIGN_STYLE = Automatic;
				DEVELOPMENT_TEAM = C66Y3DM74C;
				INFOPLIST_FILE = NetworkingExamples/Info.plist;
				LD_RUNPATH_SEARCH_PATHS = (
					"$(inherited)",
					"@executable_path/Frameworks",
				);
				PRODUCT_BUNDLE_IDENTIFIER = com.joshr.NetworkingExamples;
				PRODUCT_NAME = "$(TARGET_NAME)";
				SWIFT_VERSION = 5.0;
				TARGETED_DEVICE_FAMILY = "1,2";
			};
			name = Debug;
		};
		12B3DBB3245C6E8E003A6E7C /* Release */ = {
			isa = XCBuildConfiguration;
			buildSettings = {
				ASSETCATALOG_COMPILER_APPICON_NAME = AppIcon;
				CODE_SIGN_STYLE = Automatic;
				DEVELOPMENT_TEAM = C66Y3DM74C;
				INFOPLIST_FILE = NetworkingExamples/Info.plist;
				LD_RUNPATH_SEARCH_PATHS = (
					"$(inherited)",
					"@executable_path/Frameworks",
				);
				PRODUCT_BUNDLE_IDENTIFIER = com.joshr.NetworkingExamples;
				PRODUCT_NAME = "$(TARGET_NAME)";
				SWIFT_VERSION = 5.0;
				TARGETED_DEVICE_FAMILY = "1,2";
			};
			name = Release;
		};
/* End XCBuildConfiguration section */

/* Begin XCConfigurationList section */
		12B3DB98245C6E8E003A6E7C /* Build configuration list for PBXProject "NetworkingExamples" */ = {
			isa = XCConfigurationList;
			buildConfigurations = (
				12B3DBAF245C6E8E003A6E7C /* Debug */,
				12B3DBB0245C6E8E003A6E7C /* Release */,
			);
			defaultConfigurationIsVisible = 0;
			defaultConfigurationName = Release;
		};
		12B3DBB1245C6E8E003A6E7C /* Build configuration list for PBXNativeTarget "NetworkingExamples" */ = {
			isa = XCConfigurationList;
			buildConfigurations = (
				12B3DBB2245C6E8E003A6E7C /* Debug */,
				12B3DBB3245C6E8E003A6E7C /* Release */,
			);
			defaultConfigurationIsVisible = 0;
			defaultConfigurationName = Release;
		};
/* End XCConfigurationList section */
	};
	rootObject = 12B3DB95245C6E8E003A6E7C /* Project object */;
}
